{
  "version": "5",
  "specifiers": {
    "jsr:@hono/hono@^4.12.7": "4.12.7",
    "jsr:@hono/hono@^4.8.3": "4.12.7",
    "jsr:@hono/zod-validator@~0.7.6": "0.7.6",
    "npm:@electerm/ftp-srv@^1.0.5": "1.0.5",
    "npm:@vscode/sudo-prompt@^9.3.2": "9.3.2",
    "npm:create-hono@latest": "0.19.4",
    "npm:dayjs@^1.11.20": "1.11.20",
    "npm:node-fxplc@~0.1.6": "0.1.6",
    "npm:zod@^4.1.12": "4.3.6",
    "npm:zod@^4.1.13": "4.3.6"
  },
  "jsr": {
    "@hono/hono@4.12.7": {
      "integrity": "d418c260eda1b1ad48bc0193b29ed1804c4fbee27cc92954c415f58743fd65e9"
    },
    "@hono/zod-validator@0.7.6": {
      "integrity": "cc15ec57dd8a49e49d81f1790fb2d35cb96c9d3b8b14d8d0b851c00ab00e50ca",
      "dependencies": [
        "jsr:@hono/hono@^4.8.3",
        "npm:zod@^4.1.13"
      ]
    }
  },
  "npm": {
    "@electerm/ftp-srv@1.0.5": {
      "integrity": "sha512-WgW7/HJWAPkZytXNbnc5KUVdoJSArmOpd4Ga+pP2S+xx5wiPyceyQ+H0iwZFKO3djGFHWGG2t4gChpIjSIcOrQ==",
      "dependencies": [
        "commander"
      ],
      "bin": true
    },
    "@serialport/binding-mock@10.2.2": {
      "integrity": "sha512-HAFzGhk9OuFMpuor7aT5G1ChPgn5qSsklTFOTUX72Rl6p0xwcSVsRtG/xaGp6bxpN7fI9D/S8THLBWbBgS6ldw==",
      "dependencies": [
        "@serialport/bindings-interface",
        "debug"
      ]
    },
    "@serialport/bindings-cpp@11.0.3": {
      "integrity": "sha512-xgNDJ7pHHZCJMoDsEH+D8q5CV+V3RGN4/jLEG9SQ7q6kh+o03axV0l/upPHZ0HW4tTXpGgqPIGbXOTrD4RGQQA==",
      "dependencies": [
        "@serialport/bindings-interface",
        "@serialport/parser-readline@11.0.0",
        "debug",
        "node-addon-api",
        "node-gyp-build"
      ],
      "scripts": true
    },
    "@serialport/bindings-interface@1.2.2": {
      "integrity": "sha512-CJaUd5bLvtM9c5dmO9rPBHPXTa9R2UwpkJ0wdh9JCYcbrPWsKz+ErvR0hBLeo7NPeiFdjFO4sonRljiw4d2XiA=="
    },
    "@serialport/parser-byte-length@11.0.1": {
      "integrity": "sha512-UsffR5b3NHwhjJzsWv5fZMkoq3wGNyUcRTA9jlu02w+2kMlBRJPzlPVB5szVX0VWUEqkCg+3VaU2XWuYr+uAUA=="
    },
    "@serialport/parser-cctalk@11.0.1": {
      "integrity": "sha512-klzVQfRcC1m0SVDV2Dy9hHfwweO2/mUMUyuXK04FRkKHy5/AdETmk9KTVVVVfpDCSysvHoyQPwiDFq8ddwX3cQ=="
    },
    "@serialport/parser-delimiter@11.0.0": {
      "integrity": "sha512-aZLJhlRTjSmEwllLG7S4J8s8ctRAS0cbvCpO87smLvl3e4BgzbVgF6Z6zaJd3Aji2uSiYgfedCdNc4L6W+1E2g=="
    },
    "@serialport/parser-delimiter@11.0.1": {
      "integrity": "sha512-NAsYa3OFt2xEnj/+0BRkQP2qkRNbXBPEq6uFJEdNdzcTSF+BTRXkoIRrWBq3N6koovPqW6lnbxc/iJYe5AX/2Q=="
    },
    "@serialport/parser-inter-byte-timeout@11.0.1": {
      "integrity": "sha512-PEFV9dSpW+ptH1rLhdB9KgE+rbJ/FvQiZz0mx+4jkv/Po4g3PNsEEMXfMW0aQVSFVsmitvmE0jHlhGjLv8GQEg=="
    },
    "@serialport/parser-packet-length@11.0.1": {
      "integrity": "sha512-KwPu8dsAI+eN4fnUS1vVmrOpUtBK4p9L9cHhwn5ZmfcvwvZMHp/J+IEu7xH0g5aM1/8QEoaql26BQP+sZ71NQQ=="
    },
    "@serialport/parser-readline@11.0.0": {
      "integrity": "sha512-rRAivhRkT3YO28WjmmG4FQX6L+KMb5/ikhyylRfzWPw0nSXy97+u07peS9CbHqaNvJkMhH1locp2H36aGMOEIA==",
      "dependencies": [
        "@serialport/parser-delimiter@11.0.0"
      ]
    },
    "@serialport/parser-readline@11.0.1": {
      "integrity": "sha512-wkJ3EI733+yhbi7eBWzs/qn8+cfIBcYQjfrILPNqslAy6VlgdKw+pHoblDFmg78GN0TqGUDSWlTJ65oLEPVp5Q==",
      "dependencies": [
        "@serialport/parser-delimiter@11.0.1"
      ]
    },
    "@serialport/parser-ready@11.0.1": {
      "integrity": "sha512-v/bvlgKhrNt+SVLSqlfXCO1HEinfRRMGnzqbpdVCgu2SiWIEenCLjs51JisKVYQoQFcXdP/EHZnzm7NPXHDlAg=="
    },
    "@serialport/parser-regex@11.0.1": {
      "integrity": "sha512-Lf3k7qibYqZ0+/wX3UA8fRng3WtQ+UyLpjQhG1COs6OBSq5/I5tYXczfhlrbA0gHo1qzgzr2V2t7m6FoBSc81Q=="
    },
    "@serialport/parser-slip-encoder@11.0.1": {
      "integrity": "sha512-l4mXsAGzpmPO7+uqKJqtPDW643irfnGEWbiy34FoYvuOs8n0SmiMtgQZFAtvlTNQCRWE2tykF/WG6K/McJthDw=="
    },
    "@serialport/parser-spacepacket@11.0.1": {
      "integrity": "sha512-Lq7fXoOsLOMo4XEt9HB31zV5LhrteXlsOy2o6r39TfRwU6x8Nou9jQMA9vW0a6yPra5zwsHIaNrA6tDOGj2Ozg=="
    },
    "@serialport/stream@11.0.1": {
      "integrity": "sha512-6pjyKRg8MQuvhGfg36+PF7K5eGNQcEswCSiAg1UPilqqFS8X1QnaiSCn5UFp/hCN+pAtlFjkOi0ztvtmSI7n4g==",
      "dependencies": [
        "@serialport/bindings-interface",
        "debug"
      ]
    },
    "@vscode/sudo-prompt@9.3.2": {
      "integrity": "sha512-gcXoCN00METUNFeQOFJ+C9xUI0DKB+0EGMVg7wbVYRHBw2Eq3fKisDZOkRdOz3kqXRKOENMfShPOmypw1/8nOw=="
    },
    "commander@14.0.3": {
      "integrity": "sha512-H+y0Jo/T1RZ9qPP4Eh1pkcQcLRglraJaSLoyOtHxu6AapkjWVCy2Sit1QQ4x3Dng8qDlSsZEet7g5Pq06MvTgw=="
    },
    "create-hono@0.19.4": {
      "integrity": "sha512-0Kes3aNRqez5hv8YOqL2GQS6qdlpe7f9JuxTdj4xU4FBCo7isqoQJBCgI6pzjatvlLZB0ftT61GzvSVZF2VIBg==",
      "bin": true
    },
    "dayjs@1.11.20": {
      "integrity": "sha512-YbwwqR/uYpeoP4pu043q+LTDLFBLApUP6VxRihdfNTqu4ubqMlGDLd6ErXhEgsyvY0K6nCs7nggYumAN+9uEuQ=="
    },
    "debug@4.3.4": {
      "integrity": "sha512-PRWFHuSU3eDtQJPvnNY7Jcket1j0t5OuOsFzPPzsekD52Zl8qUfFIPEiswXqIvHWGVHOgX+7G/vCNNhehwxfkQ==",
      "dependencies": [
        "ms"
      ]
    },
    "ms@2.1.2": {
      "integrity": "sha512-sGkPx+VjMtmA6MX27oA4FBFELFCZZ4S4XqeGOXCv68tT+jb3vk/RyaKWP0PTKyWtmLSM0b+adUTEvbs1PEaH2w=="
    },
    "node-addon-api@6.1.0": {
      "integrity": "sha512-+eawOlIgy680F0kBzPUNFhMZGtJ1YmqM6l4+Crf4IkImjYrO/mqPwRMh352g23uIaQKFItcQ64I7KMaJxHgAVA=="
    },
    "node-fxplc@0.1.6": {
      "integrity": "sha512-eHN56gMQON7+bQgAYLmxFTkeD8ExW1y5RS0Q+jwCbvm9RsNAogQfNuwaxmFENIqqaj4liC609vmf81M2nQdajw==",
      "dependencies": [
        "serialport"
      ]
    },
    "node-gyp-build@4.6.0": {
      "integrity": "sha512-NTZVKn9IylLwUzaKjkas1e4u2DLNcV4rdYagA4PWdPwW87Bi7z+BznyKSRwS/761tV/lzCGXplWsiaMjLqP2zQ==",
      "bin": true
    },
    "serialport@11.0.1": {
      "integrity": "sha512-j/ntDuewAkqL6g5wKjwV2RTyLBL9cpob8aRd3yLAViYApTsJoYqRleyuzst0OboNTBjBsoxQ4YKYhuYHi1XViQ==",
      "dependencies": [
        "@serialport/binding-mock",
        "@serialport/bindings-cpp",
        "@serialport/parser-byte-length",
        "@serialport/parser-cctalk",
        "@serialport/parser-delimiter@11.0.1",
        "@serialport/parser-inter-byte-timeout",
        "@serialport/parser-packet-length",
        "@serialport/parser-readline@11.0.1",
        "@serialport/parser-ready",
        "@serialport/parser-regex",
        "@serialport/parser-slip-encoder",
        "@serialport/parser-spacepacket",
        "@serialport/stream",
        "debug"
      ]
    },
    "zod@4.3.6": {
      "integrity": "sha512-rftlrkhHZOcjDwkGlnUtZZkvaPHCsDATp4pGpuOOMDaTdDDXF91wuVDJoWoPsKX/3YPQ5fHuF3STjcYyKr+Qhg=="
    }
  },
  "workspace": {
    "dependencies": [
      "jsr:@hono/hono@^4.12.7",
      "jsr:@hono/zod-validator@~0.7.6",
      "npm:@electerm/ftp-srv@^1.0.5",
      "npm:@vscode/sudo-prompt@^9.3.2",
      "npm:dayjs@^1.11.20",
      "npm:node-fxplc@~0.1.6",
      "npm:zod@^4.1.12"
    ]
  }
}
